
Microsoft Visual Studio Solution File, Format Version 12.00
Project("{FAE04EC0-301F-11D3-BF4B-00C04F79EFBC}") = "ArcaneLibs", "ArcaneLibs\ArcaneLibs.csproj", "{BF6CC14B-8181-4CFE-8EB6-4DA51CBC2C3F}"
EndProject
Project("{FAE04EC0-301F-11D3-BF4B-00C04F79EFBC}") = "ArcaneLibs.Logging", "ArcaneLibs.Logging\ArcaneLibs.Logging.csproj", "{6E0A4179-7C2D-4D0A-9122-BFEC36BEC5E5}"
EndProject
Project("{FAE04EC0-301F-11D3-BF4B-00C04F79EFBC}") = "ArcaneLibs.Tests", "ArcaneLibs.Tests\ArcaneLibs.Tests.csproj", "{1527CC33-7BE0-48A4-BDA4-174B182C2F74}"
EndProject
Project("{FAE04EC0-301F-11D3-BF4B-00C04F79EFBC}") = "ArcaneLibs.UsageTest", "ArcaneLibs.UsageTest\ArcaneLibs.UsageTest.csproj", "{0B313D7F-84CB-40AB-B688-68FA8BD6C2E8}"
EndProject
Project("{FAE04EC0-301F-11D3-BF4B-00C04F79EFBC}") = "ArcaneLibs.StringNormalisation", "ArcaneLibs.StringNormalisation\ArcaneLibs.StringNormalisation.csproj", "{91694CDF-6F5A-4637-9466-A864A93944A0}"
EndProject
Project("{FAE04EC0-301F-11D3-BF4B-00C04F79EFBC}") = "ArcaneLibs.Blazor.Components", "ArcaneLibs.Blazor.Components\ArcaneLibs.Blazor.Components.csproj", "{3CB4C1FB-B63C-4ED4-B3D2-716E4140CF32}"
EndProject
Project("{FAE04EC0-301F-11D3-BF4B-00C04F79EFBC}") = "ArcaneLibs.Timings", "ArcaneLibs.Timings\ArcaneLibs.Timings.csproj", "{01E2960C-1482-445B-A37D-C182A6DB3C34}"
EndProject
Project("{FAE04EC0-301F-11D3-BF4B-00C04F79EFBC}") = "ArcaneLibs.Legacy", "ArcaneLibs.Legacy\ArcaneLibs.Legacy.csproj", "{9A77704F-5099-401E-99ED-5B756214461B}"
EndProject
Global
	GlobalSection(SolutionConfigurationPlatforms) = preSolution
		Debug|Any CPU = Debug|Any CPU
		Debug|x64 = Debug|x64
		Debug|x86 = Debug|x86
		Release|Any CPU = Release|Any CPU
		Release|x64 = Release|x64
		Release|x86 = Release|x86
	EndGlobalSection
	GlobalSection(ProjectConfigurationPlatforms) = postSolution
		{BF6CC14B-8181-4CFE-8EB6-4DA51CBC2C3F}.Debug|Any CPU.ActiveCfg = Debug|Any CPU
		{BF6CC14B-8181-4CFE-8EB6-4DA51CBC2C3F}.Debug|Any CPU.Build.0 = Debug|Any CPU
		{BF6CC14B-8181-4CFE-8EB6-4DA51CBC2C3F}.Debug|x64.ActiveCfg = Debug|Any CPU
		{BF6CC14B-8181-4CFE-8EB6-4DA51CBC2C3F}.Debug|x64.Build.0 = Debug|Any CPU
		{BF6CC14B-8181-4CFE-8EB6-4DA51CBC2C3F}.Debug|x86.ActiveCfg = Debug|Any CPU
		{BF6CC14B-8181-4CFE-8EB6-4DA51CBC2C3F}.Debug|x86.Build.0 = Debug|Any CPU
		{BF6CC14B-8181-4CFE-8EB6-4DA51CBC2C3F}.Release|Any CPU.ActiveCfg = Release|Any CPU
		{BF6CC14B-8181-4CFE-8EB6-4DA51CBC2C3F}.Release|Any CPU.Build.0 = Release|Any CPU
		{BF6CC14B-8181-4CFE-8EB6-4DA51CBC2C3F}.Release|x64.ActiveCfg = Release|Any CPU
		{BF6CC14B-8181-4CFE-8EB6-4DA51CBC2C3F}.Release|x64.Build.0 = Release|Any CPU
		{BF6CC14B-8181-4CFE-8EB6-4DA51CBC2C3F}.Release|x86.ActiveCfg = Release|Any CPU
		{BF6CC14B-8181-4CFE-8EB6-4DA51CBC2C3F}.Release|x86.Build.0 = Release|Any CPU
		{6E0A4179-7C2D-4D0A-9122-BFEC36BEC5E5}.Debug|Any CPU.ActiveCfg = Debug|Any CPU
		{6E0A4179-7C2D-4D0A-9122-BFEC36BEC5E5}.Debug|Any CPU.Build.0 = Debug|Any CPU
		{6E0A4179-7C2D-4D0A-9122-BFEC36BEC5E5}.Debug|x64.ActiveCfg = Debug|Any CPU
		{6E0A4179-7C2D-4D0A-9122-BFEC36BEC5E5}.Debug|x64.Build.0 = Debug|Any CPU
		{6E0A4179-7C2D-4D0A-9122-BFEC36BEC5E5}.Debug|x86.ActiveCfg = Debug|Any CPU
		{6E0A4179-7C2D-4D0A-9122-BFEC36BEC5E5}.Debug|x86.Build.0 = Debug|Any CPU
		{6E0A4179-7C2D-4D0A-9122-BFEC36BEC5E5}.Release|Any CPU.ActiveCfg = Release|Any CPU
		{6E0A4179-7C2D-4D0A-9122-BFEC36BEC5E5}.Release|Any CPU.Build.0 = Release|Any CPU
		{6E0A4179-7C2D-4D0A-9122-BFEC36BEC5E5}.Release|x64.ActiveCfg = Release|Any CPU
		{6E0A4179-7C2D-4D0A-9122-BFEC36BEC5E5}.Release|x64.Build.0 = Release|Any CPU
		{6E0A4179-7C2D-4D0A-9122-BFEC36BEC5E5}.Release|x86.ActiveCfg = Release|Any CPU
		{6E0A4179-7C2D-4D0A-9122-BFEC36BEC5E5}.Release|x86.Build.0 = Release|Any CPU
		{1527CC33-7BE0-48A4-BDA4-174B182C2F74}.Debug|Any CPU.ActiveCfg = Debug|Any CPU
		{1527CC33-7BE0-48A4-BDA4-174B182C2F74}.Debug|Any CPU.Build.0 = Debug|Any CPU
		{1527CC33-7BE0-48A4-BDA4-174B182C2F74}.Debug|x64.ActiveCfg = Debug|Any CPU
		{1527CC33-7BE0-48A4-BDA4-174B182C2F74}.Debug|x64.Build.0 = Debug|Any CPU
		{1527CC33-7BE0-48A4-BDA4-174B182C2F74}.Debug|x86.ActiveCfg = Debug|Any CPU
		{1527CC33-7BE0-48A4-BDA4-174B182C2F74}.Debug|x86.Build.0 = Debug|Any CPU
		{1527CC33-7BE0-48A4-BDA4-174B182C2F74}.Release|Any CPU.ActiveCfg = Release|Any CPU
		{1527CC33-7BE0-48A4-BDA4-174B182C2F74}.Release|Any CPU.Build.0 = Release|Any CPU
		{1527CC33-7BE0-48A4-BDA4-174B182C2F74}.Release|x64.ActiveCfg = Release|Any CPU
		{1527CC33-7BE0-48A4-BDA4-174B182C2F74}.Release|x64.Build.0 = Release|Any CPU
		{1527CC33-7BE0-48A4-BDA4-174B182C2F74}.Release|x86.ActiveCfg = Release|Any CPU
		{1527CC33-7BE0-48A4-BDA4-174B182C2F74}.Release|x86.Build.0 = Release|Any CPU
		{0B313D7F-84CB-40AB-B688-68FA8BD6C2E8}.Debug|Any CPU.ActiveCfg = Debug|Any CPU
		{0B313D7F-84CB-40AB-B688-68FA8BD6C2E8}.Debug|Any CPU.Build.0 = Debug|Any CPU
		{0B313D7F-84CB-40AB-B688-68FA8BD6C2E8}.Debug|x64.ActiveCfg = Debug|Any CPU
		{0B313D7F-84CB-40AB-B688-68FA8BD6C2E8}.Debug|x64.Build.0 = Debug|Any CPU
		{0B313D7F-84CB-40AB-B688-68FA8BD6C2E8}.Debug|x86.ActiveCfg = Debug|Any CPU
		{0B313D7F-84CB-40AB-B688-68FA8BD6C2E8}.Debug|x86.Build.0 = Debug|Any CPU
		{0B313D7F-84CB-40AB-B688-68FA8BD6C2E8}.Release|Any CPU.ActiveCfg = Release|Any CPU
		{0B313D7F-84CB-40AB-B688-68FA8BD6C2E8}.Release|Any CPU.Build.0 = Release|Any CPU
		{0B313D7F-84CB-40AB-B688-68FA8BD6C2E8}.Release|x64.ActiveCfg = Release|Any CPU
		{0B313D7F-84CB-40AB-B688-68FA8BD6C2E8}.Release|x64.Build.0 = Release|Any CPU
		{0B313D7F-84CB-40AB-B688-68FA8BD6C2E8}.Release|x86.ActiveCfg = Release|Any CPU
		{0B313D7F-84CB-40AB-B688-68FA8BD6C2E8}.Release|x86.Build.0 = Release|Any CPU
		{91694CDF-6F5A-4637-9466-A864A93944A0}.Debug|Any CPU.ActiveCfg = Debug|Any CPU
		{91694CDF-6F5A-4637-9466-A864A93944A0}.Debug|Any CPU.Build.0 = Debug|Any CPU
		{91694CDF-6F5A-4637-9466-A864A93944A0}.Debug|x64.ActiveCfg = Debug|Any CPU
		{91694CDF-6F5A-4637-9466-A864A93944A0}.Debug|x64.Build.0 = Debug|Any CPU
		{91694CDF-6F5A-4637-9466-A864A93944A0}.Debug|x86.ActiveCfg = Debug|Any CPU
		{91694CDF-6F5A-4637-9466-A864A93944A0}.Debug|x86.Build.0 = Debug|Any CPU
		{91694CDF-6F5A-4637-9466-A864A93944A0}.Release|Any CPU.ActiveCfg = Release|Any CPU
		{91694CDF-6F5A-4637-9466-A864A93944A0}.Release|Any CPU.Build.0 = Release|Any CPU
		{91694CDF-6F5A-4637-9466-A864A93944A0}.Release|x64.ActiveCfg = Release|Any CPU
		{91694CDF-6F5A-4637-9466-A864A93944A0}.Release|x64.Build.0 = Release|Any CPU
		{91694CDF-6F5A-4637-9466-A864A93944A0}.Release|x86.ActiveCfg = Release|Any CPU
		{91694CDF-6F5A-4637-9466-A864A93944A0}.Release|x86.Build.0 = Release|Any CPU
		{3CB4C1FB-B63C-4ED4-B3D2-716E4140CF32}.Debug|Any CPU.ActiveCfg = Debug|Any CPU
		{3CB4C1FB-B63C-4ED4-B3D2-716E4140CF32}.Debug|Any CPU.Build.0 = Debug|Any CPU
		{3CB4C1FB-B63C-4ED4-B3D2-716E4140CF32}.Debug|x64.ActiveCfg = Debug|Any CPU
		{3CB4C1FB-B63C-4ED4-B3D2-716E4140CF32}.Debug|x64.Build.0 = Debug|Any CPU
		{3CB4C1FB-B63C-4ED4-B3D2-716E4140CF32}.Debug|x86.ActiveCfg = Debug|Any CPU
		{3CB4C1FB-B63C-4ED4-B3D2-716E4140CF32}.Debug|x86.Build.0 = Debug|Any CPU
		{3CB4C1FB-B63C-4ED4-B3D2-716E4140CF32}.Release|Any CPU.ActiveCfg = Release|Any CPU
		{3CB4C1FB-B63C-4ED4-B3D2-716E4140CF32}.Release|Any CPU.Build.0 = Release|Any CPU
		{3CB4C1FB-B63C-4ED4-B3D2-716E4140CF32}.Release|x64.ActiveCfg = Release|Any CPU
		{3CB4C1FB-B63C-4ED4-B3D2-716E4140CF32}.Release|x64.Build.0 = Release|Any CPU
		{3CB4C1FB-B63C-4ED4-B3D2-716E4140CF32}.Release|x86.ActiveCfg = Release|Any CPU
		{3CB4C1FB-B63C-4ED4-B3D2-716E4140CF32}.Release|x86.Build.0 = Release|Any CPU
		{01E2960C-1482-445B-A37D-C182A6DB3C34}.Debug|Any CPU.ActiveCfg = Debug|Any CPU
		{01E2960C-1482-445B-A37D-C182A6DB3C34}.Debug|Any CPU.Build.0 = Debug|Any CPU
		{01E2960C-1482-445B-A37D-C182A6DB3C34}.Debug|x64.ActiveCfg = Debug|Any CPU
		{01E2960C-1482-445B-A37D-C182A6DB3C34}.Debug|x64.Build.0 = Debug|Any CPU
		{01E2960C-1482-445B-A37D-C182A6DB3C34}.Debug|x86.ActiveCfg = Debug|Any CPU
		{01E2960C-1482-445B-A37D-C182A6DB3C34}.Debug|x86.Build.0 = Debug|Any CPU
		{01E2960C-1482-445B-A37D-C182A6DB3C34}.Release|Any CPU.ActiveCfg = Release|Any CPU
		{01E2960C-1482-445B-A37D-C182A6DB3C34}.Release|Any CPU.Build.0 = Release|Any CPU
		{01E2960C-1482-445B-A37D-C182A6DB3C34}.Release|x64.ActiveCfg = Release|Any CPU
		{01E2960C-1482-445B-A37D-C182A6DB3C34}.Release|x64.Build.0 = Release|Any CPU
		{01E2960C-1482-445B-A37D-C182A6DB3C34}.Release|x86.ActiveCfg = Release|Any CPU
		{01E2960C-1482-445B-A37D-C182A6DB3C34}.Release|x86.Build.0 = Release|Any CPU
		{9A77704F-5099-401E-99ED-5B756214461B}.Debug|Any CPU.ActiveCfg = Debug|Any CPU
		{9A77704F-5099-401E-99ED-5B756214461B}.Debug|Any CPU.Build.0 = Debug|Any CPU
		{9A77704F-5099-401E-99ED-5B756214461B}.Debug|x64.ActiveCfg = Debug|Any CPU
		{9A77704F-5099-401E-99ED-5B756214461B}.Debug|x64.Build.0 = Debug|Any CPU
		{9A77704F-5099-401E-99ED-5B756214461B}.Debug|x86.ActiveCfg = Debug|Any CPU
		{9A77704F-5099-401E-99ED-5B756214461B}.Debug|x86.Build.0 = Debug|Any CPU
		{9A77704F-5099-401E-99ED-5B756214461B}.Release|Any CPU.ActiveCfg = Release|Any CPU
		{9A77704F-5099-401E-99ED-5B756214461B}.Release|Any CPU.Build.0 = Release|Any CPU
		{9A77704F-5099-401E-99ED-5B756214461B}.Release|x64.ActiveCfg = Release|Any CPU
		{9A77704F-5099-401E-99ED-5B756214461B}.Release|x64.Build.0 = Release|Any CPU
		{9A77704F-5099-401E-99ED-5B756214461B}.Release|x86.ActiveCfg = Release|Any CPU
		{9A77704F-5099-401E-99ED-5B756214461B}.Release|x86.Build.0 = Release|Any CPU
	EndGlobalSection
	GlobalSection(SolutionProperties) = preSolution
		HideSolutionNode = FALSE
	EndGlobalSection
EndGlobal
